// !$*UTF8*$!
{
	archiveVersion = 1;
	classes = {
	};
	objectVersion = 46;
	objects = {

/* Begin PBXBuildFile section */
		45838D331B59017100693232 /* main.m in Sources */ = {isa = PBXBuildFile; fileRef = 45838D321B59017100693232 /* main.m */; };
		45838D361B59017100693232 /* AppDelegate.m in Sources */ = {isa = PBXBuildFile; fileRef = 45838D351B59017100693232 /* AppDelegate.m */; };
		45838D391B59017100693232 /* ViewController.m in Sources */ = {isa = PBXBuildFile; fileRef = 45838D381B59017100693232 /* ViewController.m */; };
		45838D3C1B59017100693232 /* Main.storyboard in Resources */ = {isa = PBXBuildFile; fileRef = 45838D3A1B59017100693232 /* Main.storyboard */; };
		45838D3E1B59017100693232 /* Images.xcassets in Resources */ = {isa = PBXBuildFile; fileRef = 45838D3D1B59017100693232 /* Images.xcassets */; };
		45838D411B59017100693232 /* LaunchScreen.xib in Resources */ = {isa = PBXBuildFile; fileRef = 45838D3F1B59017100693232 /* LaunchScreen.xib */; };
		45838D4D1B59017100693232 /* downloadDemoTests.m in Sources */ = {isa = PBXBuildFile; fileRef = 45838D4C1B59017100693232 /* downloadDemoTests.m */; };
		45838D591B59019000693232 /* NSString+Hash.m in Sources */ = {isa = PBXBuildFile; fileRef = 45838D581B59019000693232 /* NSString+Hash.m */; };
		45838D5D1B59019E00693232 /* SAMDownloadManager.m in Sources */ = {isa = PBXBuildFile; fileRef = 45838D5B1B59019E00693232 /* SAMDownloadManager.m */; };
/* End PBXBuildFile section */

/* Begin PBXContainerItemProxy section */
		45838D471B59017100693232 /* PBXContainerItemProxy */ = {
			isa = PBXContainerItemProxy;
			containerPortal = 45838D251B59017100693232 /* Project object */;
			proxyType = 1;
			remoteGlobalIDString = 45838D2C1B59017100693232;
			remoteInfo = downloadDemo;
		};
/* End PBXContainerItemProxy section */

/* Begin PBXFileReference section */
		45838D2D1B59017100693232 /* downloadDemo.app */ = {isa = PBXFileReference; explicitFileType = wrapper.application; includeInIndex = 0; path = downloadDemo.app; sourceTree = BUILT_PRODUCTS_DIR; };
		45838D311B59017100693232 /* Info.plist */ = {isa = PBXFileReference; lastKnownFileType = text.plist.xml; path = Info.plist; sourceTree = "<group>"; };
		45838D321B59017100693232 /* main.m */ = {isa = PBXFileReference; lastKnownFileType = sourcecode.c.objc; path = main.m; sourceTree = "<group>"; };
		45838D341B59017100693232 /* AppDelegate.h */ = {isa = PBXFileReference; lastKnownFileType = sourcecode.c.h; path = AppDelegate.h; sourceTree = "<group>"; };
		45838D351B59017100693232 /* AppDelegate.m */ = {isa = PBXFileReference; lastKnownFileType = sourcecode.c.objc; path = AppDelegate.m; sourceTree = "<group>"; };
		45838D371B59017100693232 /* ViewController.h */ = {isa = PBXFileReference; lastKnownFileType = sourcecode.c.h; path = ViewController.h; sourceTree = "<group>"; };
		45838D381B59017100693232 /* ViewController.m */ = {isa = PBXFileReference; lastKnownFileType = sourcecode.c.objc; path = ViewController.m; sourceTree = "<group>"; };
		45838D3B1B59017100693232 /* Base */ = {isa = PBXFileReference; lastKnownFileType = file.storyboard; name = Base; path = Base.lproj/Main.storyboard; sourceTree = "<group>"; };
		45838D3D1B59017100693232 /* Images.xcassets */ = {isa = PBXFileReference; lastKnownFileType = folder.assetcatalog; path = Images.xcassets; sourceTree = "<group>"; };
		45838D401B59017100693232 /* Base */ = {isa = PBXFileReference; lastKnownFileType = file.xib; name = Base; path = Base.lproj/LaunchScreen.xib; sourceTree = "<group>"; };
		45838D461B59017100693232 /* downloadDemoTests.xctest */ = {isa = PBXFileReference; explicitFileType = wrapper.cfbundle; includeInIndex = 0; path = downloadDemoTests.xctest; sourceTree = BUILT_PRODUCTS_DIR; };
		45838D4B1B59017100693232 /* Info.plist */ = {isa = PBXFileReference; lastKnownFileType = text.plist.xml; path = Info.plist; sourceTree = "<group>"; };
		45838D4C1B59017100693232 /* downloadDemoTests.m */ = {isa = PBXFileReference; lastKnownFileType = sourcecode.c.objc; path = downloadDemoTests.m; sourceTree = "<group>"; };
		45838D571B59019000693232 /* NSString+Hash.h */ = {isa = PBXFileReference; fileEncoding = 4; lastKnownFileType = sourcecode.c.h; path = "NSString+Hash.h"; sourceTree = "<group>"; };
		45838D581B59019000693232 /* NSString+Hash.m */ = {isa = PBXFileReference; fileEncoding = 4; lastKnownFileType = sourcecode.c.objc; path = "NSString+Hash.m"; sourceTree = "<group>"; };
		45838D5A1B59019E00693232 /* SAMDownloadManager.h */ = {isa = PBXFileReference; fileEncoding = 4; lastKnownFileType = sourcecode.c.h; path = SAMDownloadManager.h; sourceTree = "<group>"; };
		45838D5B1B59019E00693232 /* SAMDownloadManager.m */ = {isa = PBXFileReference; fileEncoding = 4; lastKnownFileType = sourcecode.c.objc; path = SAMDownloadManager.m; sourceTree = "<group>"; };
		45838D5C1B59019E00693232 /* SAMSingleton.h */ = {isa = PBXFileReference; fileEncoding = 4; lastKnownFileType = sourcecode.c.h; path = SAMSingleton.h; sourceTree = "<group>"; };
/* End PBXFileReference section */

/* Begin PBXFrameworksBuildPhase section */
		45838D2A1B59017100693232 /* Frameworks */ = {
			isa = PBXFrameworksBuildPhase;
			buildActionMask = 2147483647;
			files = (
			);
			runOnlyForDeploymentPostprocessing = 0;
		};
		45838D431B59017100693232 /* Frameworks */ = {
			isa = PBXFrameworksBuildPhase;
			buildActionMask = 2147483647;
			files = (
			);
			runOnlyForDeploymentPostprocessing = 0;
		};
/* End PBXFrameworksBuildPhase section */

/* Begin PBXGroup section */
		45838D241B59017100693232 = {
			isa = PBXGroup;
			children = (
				45838D2F1B59017100693232 /* downloadDemo */,
				45838D491B59017100693232 /* downloadDemoTests */,
				45838D2E1B59017100693232 /* Products */,
			);
			sourceTree = "<group>";
		};
		45838D2E1B59017100693232 /* Products */ = {
			isa = PBXGroup;
			children = (
				45838D2D1B59017100693232 /* downloadDemo.app */,
				45838D461B59017100693232 /* downloadDemoTests.xctest */,
			);
			name = Products;
			sourceTree = "<group>";
		};
		45838D2F1B59017100693232 /* downloadDemo */ = {
			isa = PBXGroup;
			children = (
				45838D561B59019000693232 /* MD5 */,
				45838D341B59017100693232 /* AppDelegate.h */,
				45838D351B59017100693232 /* AppDelegate.m */,
				45838D371B59017100693232 /* ViewController.h */,
				45838D381B59017100693232 /* ViewController.m */,
				45838D3A1B59017100693232 /* Main.storyboard */,
				45838D3D1B59017100693232 /* Images.xcassets */,
				45838D3F1B59017100693232 /* LaunchScreen.xib */,
				45838D301B59017100693232 /* Supporting Files */,
			);
			path = downloadDemo;
			sourceTree = "<group>";
		};
		45838D301B59017100693232 /* Supporting Files */ = {
			isa = PBXGroup;
			children = (
				45838D5A1B59019E00693232 /* SAMDownloadManager.h */,
				45838D5B1B59019E00693232 /* SAMDownloadManager.m */,
				45838D5C1B59019E00693232 /* SAMSingleton.h */,
				45838D311B59017100693232 /* Info.plist */,
				45838D321B59017100693232 /* main.m */,
			);
			name = "Supporting Files";
			sourceTree = "<group>";
		};
		45838D491B59017100693232 /* downloadDemoTests */ = {
			isa = PBXGroup;
			children = (
				45838D4C1B59017100693232 /* downloadDemoTests.m */,
				45838D4A1B59017100693232 /* Supporting Files */,
			);
			path = downloadDemoTests;
			sourceTree = "<group>";
		};
		45838D4A1B59017100693232 /* Supporting Files */ = {
			isa = PBXGroup;
			children = (
				45838D4B1B59017100693232 /* Info.plist */,
			);
			name = "Supporting Files";
			sourceTree = "<group>";
		};
		45838D561B59019000693232 /* MD5 */ = {
			isa = PBXGroup;
			children = (
				45838D571B59019000693232 /* NSString+Hash.h */,
				45838D581B59019000693232 /* NSString+Hash.m */,
			);
			path = MD5;
			sourceTree = "<group>";
		};
/* End PBXGroup section */

/* Begin PBXNativeTarget section */
		45838D2C1B59017100693232 /* downloadDemo */ = {
			isa = PBXNativeTarget;
			buildConfigurationList = 45838D501B59017100693232 /* Build configuration list for PBXNativeTarget "downloadDemo" */;
			buildPhases = (
				45838D291B59017100693232 /* Sources */,
				45838D2A1B59017100693232 /* Frameworks */,
				45838D2B1B59017100693232 /* Resources */,
			);
			buildRules = (
			);
			dependencies = (
			);
			name = downloadDemo;
			productName = downloadDemo;
			productReference = 45838D2D1B59017100693232 /* downloadDemo.app */;
			productType = "com.apple.product-type.application";
		};
		45838D451B59017100693232 /* downloadDemoTests */ = {
			isa = PBXNativeTarget;
			buildConfigurationList = 45838D531B59017100693232 /* Build configuration list for PBXNativeTarget "downloadDemoTests" */;
			buildPhases = (
				45838D421B59017100693232 /* Sources */,
				45838D431B59017100693232 /* Frameworks */,
				45838D441B59017100693232 /* Resources */,
			);
			buildRules = (
			);
			dependencies = (
				45838D481B59017100693232 /* PBXTargetDependency */,
			);
			name = downloadDemoTests;
			productName = downloadDemoTests;
			productReference = 45838D461B59017100693232 /* downloadDemoTests.xctest */;
			productType = "com.apple.product-type.bundle.unit-test";
		};
/* End PBXNativeTarget section */

/* Begin PBXProject section */
		45838D251B59017100693232 /* Project object */ = {
			isa = PBXProject;
			attributes = {
				LastUpgradeCheck = 0640;
				ORGANIZATIONNAME = samyang;
				TargetAttributes = {
					45838D2C1B59017100693232 = {
						CreatedOnToolsVersion = 6.4;
					};
					45838D451B59017100693232 = {
						CreatedOnToolsVersion = 6.4;
						TestTargetID = 45838D2C1B59017100693232;
					};
				};
			};
			buildConfigurationList = 45838D281B59017100693232 /* Build configuration list for PBXProject "downloadDemo" */;
			compatibilityVersion = "Xcode 3.2";
			developmentRegion = English;
			hasScannedForEncodings = 0;
			knownRegions = (
				en,
				Base,
			);
			mainGroup = 45838D241B59017100693232;
			productRefGroup = 45838D2E1B59017100693232 /* Products */;
			projectDirPath = "";
			projectRoot = "";
			targets = (
				45838D2C1B59017100693232 /* downloadDemo */,
				45838D451B59017100693232 /* downloadDemoTests */,
			);
		};
/* End PBXProject section */

/* Begin PBXResourcesBuildPhase section */
		45838D2B1B59017100693232 /* Resources */ = {
			isa = PBXResourcesBuildPhase;
			buildActionMask = 2147483647;
			files = (
				45838D3C1B59017100693232 /* Main.storyboard in Resources */,
				45838D411B59017100693232 /* LaunchScreen.xib in Resources */,
				45838D3E1B59017100693232 /* Images.xcassets in Resources */,
			);
			runOnlyForDeploymentPostprocessing = 0;
		};
		45838D441B59017100693232 /* Resources */ = {
			isa = PBXResourcesBuildPhase;
			buildActionMask = 2147483647;
			files = (
			);
			runOnlyForDeploymentPostprocessing = 0;
		};
/* End PBXResourcesBuildPhase section */

/* Begin PBXSourcesBuildPhase section */
		45838D291B59017100693232 /* Sources */ = {
			isa = PBXSourcesBuildPhase;
			buildActionMask = 2147483647;
			files = (
				45838D5D1B59019E00693232 /* SAMDownloadManager.m in Sources */,
				45838D391B59017100693232 /* ViewController.m in Sources */,
				45838D591B59019000693232 /* NSString+Hash.m in Sources */,
				45838D361B59017100693232 /* AppDelegate.m in Sources */,
				45838D331B59017100693232 /* main.m in Sources */,
			);
			runOnlyForDeploymentPostprocessing = 0;
		};
		45838D421B59017100693232 /* Sources */ = {
			isa = PBXSourcesBuildPhase;
			buildActionMask = 2147483647;
			files = (
				45838D4D1B59017100693232 /* downloadDemoTests.m in Sources */,
			);
			runOnlyForDeploymentPostprocessing = 0;
		};
/* End PBXSourcesBuildPhase section */

/* Begin PBXTargetDependency section */
		45838D481B59017100693232 /* PBXTargetDependency */ = {
			isa = PBXTargetDependency;
			target = 45838D2C1B59017100693232 /* downloadDemo */;
			targetProxy = 45838D471B59017100693232 /* PBXContainerItemProxy */;
		};
/* End PBXTargetDependency section */

/* Begin PBXVariantGroup section */
		45838D3A1B59017100693232 /* Main.storyboard */ = {
			isa = PBXVariantGroup;
			children = (
				45838D3B1B59017100693232 /* Base */,
			);
			name = Main.storyboard;
			sourceTree = "<group>";
		};
		45838D3F1B59017100693232 /* LaunchScreen.xib */ = {
			isa = PBXVariantGroup;
			children = (
				45838D401B59017100693232 /* Base */,
			);
			name = LaunchScreen.xib;
			sourceTree = "<group>";
		};
/* End PBXVariantGroup section */

/* Begin XCBuildConfiguration section */
		45838D4E1B59017100693232 /* Debug */ = {
			isa = XCBuildConfiguration;
			buildSettings = {
				ALWAYS_SEARCH_USER_PATHS = NO;
				CLANG_CXX_LANGUAGE_STANDARD = "gnu++0x";
				CLANG_CXX_LIBRARY = "libc++";
				CLANG_ENABLE_MODULES = YES;
				CLANG_ENABLE_OBJC_ARC = YES;
				CLANG_WARN_BOOL_CONVERSION = YES;
				CLANG_WARN_CONSTANT_CONVERSION = YES;
				CLANG_WARN_DIRECT_OBJC_ISA_USAGE = YES_ERROR;
				CLANG_WARN_EMPTY_BODY = YES;
				CLANG_WARN_ENUM_CONVERSION = YES;
				CLANG_WARN_INT_CONVERSION = YES;
				CLANG_WARN_OBJC_ROOT_CLASS = YES_ERROR;
				CLANG_WARN_UNREACHABLE_CODE = YES;
				CLANG_WARN__DUPLICATE_METHOD_MATCH = YES;
				"CODE_SIGN_IDENTITY[sdk=iphoneos*]" = "iPhone Developer";
				COPY_PHASE_STRIP = NO;
				DEBUG_INFORMATION_FORMAT = "dwarf-with-dsym";
				ENABLE_STRICT_OBJC_MSGSEND = YES;
				GCC_C_LANGUAGE_STANDARD = gnu99;
				GCC_DYNAMIC_NO_PIC = NO;
				GCC_NO_COMMON_BLOCKS = YES;
				GCC_OPTIMIZATION_LEVEL = 0;
				GCC_PREPROCESSOR_DEFINITIONS = (
					"DEBUG=1",
					"$(inherited)",
				);
				GCC_SYMBOLS_PRIVATE_EXTERN = NO;
				GCC_WARN_64_TO_32_BIT_CONVERSION = YES;
				GCC_WARN_ABOUT_RETURN_TYPE = YES_ERROR;
				GCC_WARN_UNDECLARED_SELECTOR = YES;
				GCC_WARN_UNINITIALIZED_AUTOS = YES_AGGRESSIVE;
				GCC_WARN_UNUSED_FUNCTION = YES;
				GCC_WARN_UNUSED_VARIABLE = YES;
				IPHONEOS_DEPLOYMENT_TARGET = 8.4;
				MTL_ENABLE_DEBUG_INFO = YES;
				ONLY_ACTIVE_ARCH = YES;
				SDKROOT = iphoneos;
			};
			name = Debug;
		};
		45838D4F1B59017100693232 /* Release */ = {
			isa = XCBuildConfiguration;
			buildSettings = {
				ALWAYS_SEARCH_USER_PATHS = NO;
				CLANG_CXX_LANGUAGE_STANDARD = "gnu++0x";
				CLANG_CXX_LIBRARY = "libc++";
				CLANG_ENABLE_MODULES = YES;
				CLANG_ENABLE_OBJC_ARC = YES;
				CLANG_WARN_BOOL_CONVERSION = YES;
				CLANG_WARN_CONSTANT_CONVERSION = YES;
				CLANG_WARN_DIRECT_OBJC_ISA_USAGE = YES_ERROR;
				CLANG_WARN_EMPTY_BODY = YES;
				CLANG_WARN_ENUM_CONVERSION = YES;
				CLANG_WARN_INT_CONVERSION = YES;
				CLANG_WARN_OBJC_ROOT_CLASS = YES_ERROR;
				CLANG_WARN_UNREACHABLE_CODE = YES;
				CLANG_WARN__DUPLICATE_METHOD_MATCH = YES;
				"CODE_SIGN_IDENTITY[sdk=iphoneos*]" = "iPhone Developer";
				COPY_PHASE_STRIP = NO;
				DEBUG_INFORMATION_FORMAT = "dwarf-with-dsym";
				ENABLE_NS_ASSERTIONS = NO;
				ENABLE_STRICT_OBJC_MSGSEND = YES;
				GCC_C_LANGUAGE_STANDARD = gnu99;
				GCC_NO_COMMON_BLOCKS = YES;
				GCC_WARN_64_TO_32_BIT_CONVERSION = YES;
				GCC_WARN_ABOUT_RETURN_TYPE = YES_ERROR;
				GCC_WARN_UNDECLARED_SELECTOR = YES;
				GCC_WARN_UNINITIALIZED_AUTOS = YES_AGGRESSIVE;
				GCC_WARN_UNUSED_FUNCTION = YES;
				GCC_WARN_UNUSED_VARIABLE = YES;
				IPHONEOS_DEPLOYMENT_TARGET = 8.4;
				MTL_ENABLE_DEBUG_INFO = NO;
				SDKROOT = iphoneos;
				VALIDATE_PRODUCT = YES;
			};
			name = Release;
		};
		45838D511B59017100693232 /* Debug */ = {
			isa = XCBuildConfiguration;
			buildSettings = {
				ASSETCATALOG_COMPILER_APPICON_NAME = AppIcon;
				INFOPLIST_FILE = downloadDemo/Info.plist;
				LD_RUNPATH_SEARCH_PATHS = "$(inherited) @executable_path/Frameworks";
				PRODUCT_NAME = "$(TARGET_NAME)";
			};
			name = Debug;
		};
		45838D521B59017100693232 /* Release */ = {
			isa = XCBuildConfiguration;
			buildSettings = {
				ASSETCATALOG_COMPILER_APPICON_NAME = AppIcon;
				INFOPLIST_FILE = downloadDemo/Info.plist;
				LD_RUNPATH_SEARCH_PATHS = "$(inherited) @executable_path/Frameworks";
				PRODUCT_NAME = "$(TARGET_NAME)";
			};
			name = Release;
		};
		45838D541B59017100693232 /* Debug */ = {
			isa = XCBuildConfiguration;
			buildSettings = {
				BUNDLE_LOADER = "$(TEST_HOST)";
				FRAMEWORK_SEARCH_PATHS = (
					"$(SDKROOT)/Developer/Library/Frameworks",
					"$(inherited)",
				);
				GCC_PREPROCESSOR_DEFINITIONS = (
					"DEBUG=1",
					"$(inherited)",
				);
				INFOPLIST_FILE = downloadDemoTests/Info.plist;
				LD_RUNPATH_SEARCH_PATHS = "$(inherited) @executable_path/Frameworks @loader_path/Frameworks";
				PRODUCT_NAME = "$(TARGET_NAME)";
				TEST_HOST = "$(BUILT_PRODUCTS_DIR)/downloadDemo.app/downloadDemo";
			};
			name = Debug;
		};
		45838D551B59017100693232 /* Release */ = {
			isa = XCBuildConfiguration;
			buildSettings = {
				BUNDLE_LOADER = "$(TEST_HOST)";
				FRAMEWORK_SEARCH_PATHS = (
					"$(SDKROOT)/Developer/Library/Frameworks",
					"$(inherited)",
				);
				INFOPLIST_FILE = downloadDemoTests/Info.plist;
				LD_RUNPATH_SEARCH_PATHS = "$(inherited) @executable_path/Frameworks @loader_path/Frameworks";
				PRODUCT_NAME = "$(TARGET_NAME)";
				TEST_HOST = "$(BUILT_PRODUCTS_DIR)/downloadDemo.app/downloadDemo";
			};
			name = Release;
		};
/* End XCBuildConfiguration section */

/* Begin XCConfigurationList section */
		45838D281B59017100693232 /* Build configuration list for PBXProject "downloadDemo" */ = {
			isa = XCConfigurationList;
			buildConfigurations = (
				45838D4E1B59017100693232 /* Debug */,
				45838D4F1B59017100693232 /* Release */,
			);
			defaultConfigurationIsVisible = 0;
			defaultConfigurationName = Release;
		};
		45838D501B59017100693232 /* Build configuration list for PBXNativeTarget "downloadDemo" */ = {
			isa = XCConfigurationList;
			buildConfigurations = (
				45838D511B59017100693232 /* Debug */,
				45838D521B59017100693232 /* Release */,
			);
			defaultConfigurationIsVisible = 0;
		};
		45838D531B59017100693232 /* Build configuration list for PBXNativeTarget "downloadDemoTests" */ = {
			isa = XCConfigurationList;
			buildConfigurations = (
				45838D541B59017100693232 /* Debug */,
				45838D551B59017100693232 /* Release */,
			);
			defaultConfigurationIsVisible = 0;
		};
/* End XCConfigurationList section */
	};
	rootObject = 45838D251B59017100693232 /* Project object */;
}
